
Microsoft Visual Studio Solution File, Format Version 11.00
# Visual Studio 2010
Project("{FAE04EC0-301F-11D3-BF4B-00C04F79EFBC}") = "Mirror", "Mirror.csproj", "{3400CFB4-8BBD-CD98-0D15-A14206FAE654}"
EndProject
Project("{FAE04EC0-301F-11D3-BF4B-00C04F79EFBC}") = "SimpleWebTransport", "SimpleWebTransport.csproj", "{A2038340-BF0A-D44F-EF7A-C7A86CC94FA8}"
EndProject
Project("{FAE04EC0-301F-11D3-BF4B-00C04F79EFBC}") = "Mirror.Examples", "Mirror.Examples.csproj", "{B8AC667B-40BC-E1E8-DE19-CFCD3E86341E}"
EndProject
Project("{FAE04EC0-301F-11D3-BF4B-00C04F79EFBC}") = "Mirror.Components", "Mirror.Components.csproj", "{138360C5-4759-2C59-701F-79F93A1CB795}"
EndProject
Project("{FAE04EC0-301F-11D3-BF4B-00C04F79EFBC}") = "Telepathy", "Telepathy.csproj", "{33324E0E-653A-0D2B-B465-21826129BAD7}"
EndProject
Project("{FAE04EC0-301F-11D3-BF4B-00C04F79EFBC}") = "Mirror.Authenticators", "Mirror.Authenticators.csproj", "{F90EAE97-B6BF-BDA9-2EC9-58535D872C5B}"
EndProject
Project("{FAE04EC0-301F-11D3-BF4B-00C04F79EFBC}") = "kcp2k", "kcp2k.csproj", "{C6ED7F0E-81E4-368F-203B-382631FE7DED}"
EndProject
Project("{FAE04EC0-301F-11D3-BF4B-00C04F79EFBC}") = "Mirror.Examples.Cloud.GUI", "Mirror.Examples.Cloud.GUI.csproj", "{AE3BCAA1-6E24-CE55-9186-43A116B5893D}"
EndProject
Project("{FAE04EC0-301F-11D3-BF4B-00C04F79EFBC}") = "Mirror.Cloud", "Mirror.Cloud.csproj", "{7A3FEAF3-773E-2973-DA96-12A0DC084FDE}"
EndProject
Project("{FAE04EC0-301F-11D3-BF4B-00C04F79EFBC}") = "Assembly-CSharp", "Assembly-CSharp.csproj", "{0EEBF18E-272D-828E-0FE3-FE5D1E52DE1C}"
EndProject
Project("{FAE04EC0-301F-11D3-BF4B-00C04F79EFBC}") = "Mirror.Examples.Cloud.Pong", "Mirror.Examples.Cloud.Pong.csproj", "{758E99A6-375A-CE0F-17EA-76985A8F9223}"
EndProject
Project("{FAE04EC0-301F-11D3-BF4B-00C04F79EFBC}") = "Mirror.Weaver", "Mirror.Weaver.csproj", "{4F01C635-F93B-59D5-5205-25D16C3C9CAD}"
EndProject
Project("{FAE04EC0-301F-11D3-BF4B-00C04F79EFBC}") = "Mirror.Editor", "Mirror.Editor.csproj", "{06656B2E-88B7-2C63-7327-577E0F02699D}"
EndProject
Project("{FAE04EC0-301F-11D3-BF4B-00C04F79EFBC}") = "Mirror.CompilerSymbols", "Mirror.CompilerSymbols.csproj", "{0AD7C3BB-6FDE-272A-FF1A-5EB6FA511E9D}"
EndProject
Global
	GlobalSection(SolutionConfigurationPlatforms) = preSolution
		Debug|Any CPU = Debug|Any CPU
		Release|Any CPU = Release|Any CPU
	EndGlobalSection
	GlobalSection(ProjectConfigurationPlatforms) = postSolution
		{3400CFB4-8BBD-CD98-0D15-A14206FAE654}.Debug|Any CPU.ActiveCfg = Debug|Any CPU
		{3400CFB4-8BBD-CD98-0D15-A14206FAE654}.Debug|Any CPU.Build.0 = Debug|Any CPU
		{3400CFB4-8BBD-CD98-0D15-A14206FAE654}.Release|Any CPU.ActiveCfg = Release|Any CPU
		{3400CFB4-8BBD-CD98-0D15-A14206FAE654}.Release|Any CPU.Build.0 = Release|Any CPU
		{A2038340-BF0A-D44F-EF7A-C7A86CC94FA8}.Debug|Any CPU.ActiveCfg = Debug|Any CPU
		{A2038340-BF0A-D44F-EF7A-C7A86CC94FA8}.Debug|Any CPU.Build.0 = Debug|Any CPU
		{A2038340-BF0A-D44F-EF7A-C7A86CC94FA8}.Release|Any CPU.ActiveCfg = Release|Any CPU
		{A2038340-BF0A-D44F-EF7A-C7A86CC94FA8}.Release|Any CPU.Build.0 = Release|Any CPU
		{B8AC667B-40BC-E1E8-DE19-CFCD3E86341E}.Debug|Any CPU.ActiveCfg = Debug|Any CPU
		{B8AC667B-40BC-E1E8-DE19-CFCD3E86341E}.Debug|Any CPU.Build.0 = Debug|Any CPU
		{B8AC667B-40BC-E1E8-DE19-CFCD3E86341E}.Release|Any CPU.ActiveCfg = Release|Any CPU
		{B8AC667B-40BC-E1E8-DE19-CFCD3E86341E}.Release|Any CPU.Build.0 = Release|Any CPU
		{138360C5-4759-2C59-701F-79F93A1CB795}.Debug|Any CPU.ActiveCfg = Debug|Any CPU
		{138360C5-4759-2C59-701F-79F93A1CB795}.Debug|Any CPU.Build.0 = Debug|Any CPU
		{138360C5-4759-2C59-701F-79F93A1CB795}.Release|Any CPU.ActiveCfg = Release|Any CPU
		{138360C5-4759-2C59-701F-79F93A1CB795}.Release|Any CPU.Build.0 = Release|Any CPU
		{33324E0E-653A-0D2B-B465-21826129BAD7}.Debug|Any CPU.ActiveCfg = Debug|Any CPU
		{33324E0E-653A-0D2B-B465-21826129BAD7}.Debug|Any CPU.Build.0 = Debug|Any CPU
		{33324E0E-653A-0D2B-B465-21826129BAD7}.Release|Any CPU.ActiveCfg = Release|Any CPU
		{33324E0E-653A-0D2B-B465-21826129BAD7}.Release|Any CPU.Build.0 = Release|Any CPU
		{F90EAE97-B6BF-BDA9-2EC9-58535D872C5B}.Debug|Any CPU.ActiveCfg = Debug|Any CPU
		{F90EAE97-B6BF-BDA9-2EC9-58535D872C5B}.Debug|Any CPU.Build.0 = Debug|Any CPU
		{F90EAE97-B6BF-BDA9-2EC9-58535D872C5B}.Release|Any CPU.ActiveCfg = Release|Any CPU
		{F90EAE97-B6BF-BDA9-2EC9-58535D872C5B}.Release|Any CPU.Build.0 = Release|Any CPU
		{C6ED7F0E-81E4-368F-203B-382631FE7DED}.Debug|Any CPU.ActiveCfg = Debug|Any CPU
		{C6ED7F0E-81E4-368F-203B-382631FE7DED}.Debug|Any CPU.Build.0 = Debug|Any CPU
		{C6ED7F0E-81E4-368F-203B-382631FE7DED}.Release|Any CPU.ActiveCfg = Release|Any CPU
		{C6ED7F0E-81E4-368F-203B-382631FE7DED}.Release|Any CPU.Build.0 = Release|Any CPU
		{AE3BCAA1-6E24-CE55-9186-43A116B5893D}.Debug|Any CPU.ActiveCfg = Debug|Any CPU
		{AE3BCAA1-6E24-CE55-9186-43A116B5893D}.Debug|Any CPU.Build.0 = Debug|Any CPU
		{AE3BCAA1-6E24-CE55-9186-43A116B5893D}.Release|Any CPU.ActiveCfg = Release|Any CPU
		{AE3BCAA1-6E24-CE55-9186-43A116B5893D}.Release|Any CPU.Build.0 = Release|Any CPU
		{7A3FEAF3-773E-2973-DA96-12A0DC084FDE}.Debug|Any CPU.ActiveCfg = Debug|Any CPU
		{7A3FEAF3-773E-2973-DA96-12A0DC084FDE}.Debug|Any CPU.Build.0 = Debug|Any CPU
		{7A3FEAF3-773E-2973-DA96-12A0DC084FDE}.Release|Any CPU.ActiveCfg = Release|Any CPU
		{7A3FEAF3-773E-2973-DA96-12A0DC084FDE}.Release|Any CPU.Build.0 = Release|Any CPU
		{0EEBF18E-272D-828E-0FE3-FE5D1E52DE1C}.Debug|Any CPU.ActiveCfg = Debug|Any CPU
		{0EEBF18E-272D-828E-0FE3-FE5D1E52DE1C}.Debug|Any CPU.Build.0 = Debug|Any CPU
		{0EEBF18E-272D-828E-0FE3-FE5D1E52DE1C}.Release|Any CPU.ActiveCfg = Release|Any CPU
		{0EEBF18E-272D-828E-0FE3-FE5D1E52DE1C}.Release|Any CPU.Build.0 = Release|Any CPU
		{758E99A6-375A-CE0F-17EA-76985A8F9223}.Debug|Any CPU.ActiveCfg = Debug|Any CPU
		{758E99A6-375A-CE0F-17EA-76985A8F9223}.Debug|Any CPU.Build.0 = Debug|Any CPU
		{758E99A6-375A-CE0F-17EA-76985A8F9223}.Release|Any CPU.ActiveCfg = Release|Any CPU
		{758E99A6-375A-CE0F-17EA-76985A8F9223}.Release|Any CPU.Build.0 = Release|Any CPU
		{4F01C635-F93B-59D5-5205-25D16C3C9CAD}.Debug|Any CPU.ActiveCfg = Debug|Any CPU
		{4F01C635-F93B-59D5-5205-25D16C3C9CAD}.Debug|Any CPU.Build.0 = Debug|Any CPU
		{4F01C635-F93B-59D5-5205-25D16C3C9CAD}.Release|Any CPU.ActiveCfg = Release|Any CPU
		{4F01C635-F93B-59D5-5205-25D16C3C9CAD}.Release|Any CPU.Build.0 = Release|Any CPU
		{06656B2E-88B7-2C63-7327-577E0F02699D}.Debug|Any CPU.ActiveCfg = Debug|Any CPU
		{06656B2E-88B7-2C63-7327-577E0F02699D}.Debug|Any CPU.Build.0 = Debug|Any CPU
		{06656B2E-88B7-2C63-7327-577E0F02699D}.Release|Any CPU.ActiveCfg = Release|Any CPU
		{06656B2E-88B7-2C63-7327-577E0F02699D}.Release|Any CPU.Build.0 = Release|Any CPU
		{0AD7C3BB-6FDE-272A-FF1A-5EB6FA511E9D}.Debug|Any CPU.ActiveCfg = Debug|Any CPU
		{0AD7C3BB-6FDE-272A-FF1A-5EB6FA511E9D}.Debug|Any CPU.Build.0 = Debug|Any CPU
		{0AD7C3BB-6FDE-272A-FF1A-5EB6FA511E9D}.Release|Any CPU.ActiveCfg = Release|Any CPU
		{0AD7C3BB-6FDE-272A-FF1A-5EB6FA511E9D}.Release|Any CPU.Build.0 = Release|Any CPU
	EndGlobalSection
	GlobalSection(SolutionProperties) = preSolution
		HideSolutionNode = FALSE
	EndGlobalSection
EndGlobal
